
Microsoft Visual Studio Solution File, Format Version 12.00
# Visual Studio 15
VisualStudioVersion = 15.0.27703.2042
MinimumVisualStudioVersion = 10.0.40219.1
Project("{FAE04EC0-301F-11D3-BF4B-00C04F79EFBC}") = "lesson_12", "lesson_12\lesson_12.csproj", "{440D9BE4-4DCD-4E08-853E-7E8937E578DA}"
EndProject
Global
	GlobalSection(SolutionConfigurationPlatforms) = preSolution
		Debug|Any CPU = Debug|Any CPU
		Release|Any CPU = Release|Any CPU
	EndGlobalSection
	GlobalSection(ProjectConfigurationPlatforms) = postSolution
		{440D9BE4-4DCD-4E08-853E-7E8937E578DA}.Debug|Any CPU.ActiveCfg = Debug|Any CPU
		{440D9BE4-4DCD-4E08-853E-7E8937E578DA}.Debug|Any CPU.Build.0 = Debug|Any CPU
		{440D9BE4-4DCD-4E08-853E-7E8937E578DA}.Release|Any CPU.ActiveCfg = Release|Any CPU
		{440D9BE4-4DCD-4E08-853E-7E8937E578DA}.Release|Any CPU.Build.0 = Release|Any CPU
	EndGlobalSection
	GlobalSection(SolutionProperties) = preSolution
		HideSolutionNode = FALSE
	EndGlobalSection
	GlobalSection(ExtensibilityGlobals) = postSolution
		SolutionGuid = {ED2D6C9F-4E75-4171-99E4-93BD72A37EBA}
	EndGlobalSection
EndGlobal
