
Microsoft Visual Studio Solution File, Format Version 12.00
# Visual Studio 15
VisualStudioVersion = 15.0.27703.2042
MinimumVisualStudioVersion = 10.0.40219.1
Project("{9A19103F-16F7-4668-BE54-9A1E7A4F7556}") = "less_14_1", "less_14\less_14_1.csproj", "{DAE6131D-205D-4741-9374-8E13F19EFB95}"
EndProject
Global
	GlobalSection(SolutionConfigurationPlatforms) = preSolution
		Debug|Any CPU = Debug|Any CPU
		Release|Any CPU = Release|Any CPU
	EndGlobalSection
	GlobalSection(ProjectConfigurationPlatforms) = postSolution
		{DAE6131D-205D-4741-9374-8E13F19EFB95}.Debug|Any CPU.ActiveCfg = Debug|Any CPU
		{DAE6131D-205D-4741-9374-8E13F19EFB95}.Debug|Any CPU.Build.0 = Debug|Any CPU
		{DAE6131D-205D-4741-9374-8E13F19EFB95}.Release|Any CPU.ActiveCfg = Release|Any CPU
		{DAE6131D-205D-4741-9374-8E13F19EFB95}.Release|Any CPU.Build.0 = Release|Any CPU
	EndGlobalSection
	GlobalSection(SolutionProperties) = preSolution
		HideSolutionNode = FALSE
	EndGlobalSection
	GlobalSection(ExtensibilityGlobals) = postSolution
		SolutionGuid = {05490C40-A97D-4BF4-9119-DB1BAAE52EA7}
	EndGlobalSection
EndGlobal
